
Microsoft Visual Studio Solution File, Format Version 12.00
# Visual Studio Version 16
VisualStudioVersion = 16.0.29521.150
MinimumVisualStudioVersion = 10.0.40219.1
Project("{9A19103F-16F7-4668-BE54-9A1E7A4F7556}") = "RPedretti.Grpc.Server", "RPedretti.Grpc.Server\RPedretti.Grpc.Server.csproj", "{A6D64F9A-C94B-45CB-BC36-F0BCC98BF444}"
EndProject
Project("{2150E333-8FDC-42A3-9474-1A3956D46DE8}") = "Protos", "Protos", "{30E4F1F6-CBFC-4E76-A824-C00707FE283A}"
	ProjectSection(SolutionItems) = preProject
		Protos\movies.proto = Protos\movies.proto
	EndProjectSection
EndProject
Project("{9A19103F-16F7-4668-BE54-9A1E7A4F7556}") = "RPedretti.Grpc.Shared", "RPedretti.Grpc.Shared\RPedretti.Grpc.Shared.csproj", "{22BF8631-8089-4677-8FD1-107B5275E841}"
EndProject
Project("{2150E333-8FDC-42A3-9474-1A3956D46DE8}") = "Docker", "Docker", "{15A90975-CB96-4218-B4D8-E7DC19A3DD03}"
	ProjectSection(SolutionItems) = preProject
		.dockerignore = .dockerignore
		docker-compose.yml = docker-compose.yml
		Dockerfile = Dockerfile
	EndProjectSection
EndProject
Project("{2150E333-8FDC-42A3-9474-1A3956D46DE8}") = "Config", "Config", "{4E15E16F-D4EA-4A23-8EF3-1E8992DDED5C}"
	ProjectSection(SolutionItems) = preProject
		Conf\nginx.conf = Conf\nginx.conf
	EndProjectSection
EndProject
Project("{2150E333-8FDC-42A3-9474-1A3956D46DE8}") = "Scripts", "Scripts", "{85ABD0C0-C1AE-417E-9340-6EC0E9703FD4}"
	ProjectSection(SolutionItems) = preProject
		Scripts\init_db.sql = Scripts\init_db.sql
	EndProjectSection
EndProject
Project("{9A19103F-16F7-4668-BE54-9A1E7A4F7556}") = "RPedretti.Grpc.DAL", "RPedretti.Grpc.DAL\RPedretti.Grpc.DAL.csproj", "{E0E0506D-D3D5-4EE8-9F08-5EE5DFA582FB}"
EndProject
Project("{9A19103F-16F7-4668-BE54-9A1E7A4F7556}") = "RPedretti.Grpc.Wpf.Client", "RPedretti.Grpc.Wpf.Client\RPedretti.Grpc.Wpf.Client.csproj", "{C4DF55B3-D218-4BBE-B218-C89745420E8B}"
EndProject
Project("{FAE04EC0-301F-11D3-BF4B-00C04F79EFBC}") = "RPedretti.Grpc.Uwp.Client", "RPedretti.Grpc.Uwp.Client\RPedretti.Grpc.Uwp.Client.csproj", "{0E6EF171-E459-418A-8CF7-ED5A6FFF37B4}"
EndProject
Project("{FAE04EC0-301F-11D3-BF4B-00C04F79EFBC}") = "RPedretti.Grpc.Client.Shared", "RPedretti.Grpc.Client.Shared\RPedretti.Grpc.Client.Shared.csproj", "{1A349636-8481-43D9-8B0A-D9CF1DC1743B}"
EndProject
Global
	GlobalSection(SolutionConfigurationPlatforms) = preSolution
		Debug|Any CPU = Debug|Any CPU
		Debug|ARM = Debug|ARM
		Debug|ARM64 = Debug|ARM64
		Debug|x64 = Debug|x64
		Debug|x86 = Debug|x86
		Release|Any CPU = Release|Any CPU
		Release|ARM = Release|ARM
		Release|ARM64 = Release|ARM64
		Release|x64 = Release|x64
		Release|x86 = Release|x86
	EndGlobalSection
	GlobalSection(ProjectConfigurationPlatforms) = postSolution
		{A6D64F9A-C94B-45CB-BC36-F0BCC98BF444}.Debug|Any CPU.ActiveCfg = Debug|Any CPU
		{A6D64F9A-C94B-45CB-BC36-F0BCC98BF444}.Debug|Any CPU.Build.0 = Debug|Any CPU
		{A6D64F9A-C94B-45CB-BC36-F0BCC98BF444}.Debug|ARM.ActiveCfg = Debug|Any CPU
		{A6D64F9A-C94B-45CB-BC36-F0BCC98BF444}.Debug|ARM.Build.0 = Debug|Any CPU
		{A6D64F9A-C94B-45CB-BC36-F0BCC98BF444}.Debug|ARM64.ActiveCfg = Debug|Any CPU
		{A6D64F9A-C94B-45CB-BC36-F0BCC98BF444}.Debug|ARM64.Build.0 = Debug|Any CPU
		{A6D64F9A-C94B-45CB-BC36-F0BCC98BF444}.Debug|x64.ActiveCfg = Debug|Any CPU
		{A6D64F9A-C94B-45CB-BC36-F0BCC98BF444}.Debug|x64.Build.0 = Debug|Any CPU
		{A6D64F9A-C94B-45CB-BC36-F0BCC98BF444}.Debug|x86.ActiveCfg = Debug|Any CPU
		{A6D64F9A-C94B-45CB-BC36-F0BCC98BF444}.Debug|x86.Build.0 = Debug|Any CPU
		{A6D64F9A-C94B-45CB-BC36-F0BCC98BF444}.Release|Any CPU.ActiveCfg = Release|Any CPU
		{A6D64F9A-C94B-45CB-BC36-F0BCC98BF444}.Release|Any CPU.Build.0 = Release|Any CPU
		{A6D64F9A-C94B-45CB-BC36-F0BCC98BF444}.Release|ARM.ActiveCfg = Release|Any CPU
		{A6D64F9A-C94B-45CB-BC36-F0BCC98BF444}.Release|ARM.Build.0 = Release|Any CPU
		{A6D64F9A-C94B-45CB-BC36-F0BCC98BF444}.Release|ARM64.ActiveCfg = Release|Any CPU
		{A6D64F9A-C94B-45CB-BC36-F0BCC98BF444}.Release|ARM64.Build.0 = Release|Any CPU
		{A6D64F9A-C94B-45CB-BC36-F0BCC98BF444}.Release|x64.ActiveCfg = Release|Any CPU
		{A6D64F9A-C94B-45CB-BC36-F0BCC98BF444}.Release|x64.Build.0 = Release|Any CPU
		{A6D64F9A-C94B-45CB-BC36-F0BCC98BF444}.Release|x86.ActiveCfg = Release|Any CPU
		{A6D64F9A-C94B-45CB-BC36-F0BCC98BF444}.Release|x86.Build.0 = Release|Any CPU
		{22BF8631-8089-4677-8FD1-107B5275E841}.Debug|Any CPU.ActiveCfg = Debug|Any CPU
		{22BF8631-8089-4677-8FD1-107B5275E841}.Debug|Any CPU.Build.0 = Debug|Any CPU
		{22BF8631-8089-4677-8FD1-107B5275E841}.Debug|ARM.ActiveCfg = Debug|Any CPU
		{22BF8631-8089-4677-8FD1-107B5275E841}.Debug|ARM.Build.0 = Debug|Any CPU
		{22BF8631-8089-4677-8FD1-107B5275E841}.Debug|ARM64.ActiveCfg = Debug|Any CPU
		{22BF8631-8089-4677-8FD1-107B5275E841}.Debug|ARM64.Build.0 = Debug|Any CPU
		{22BF8631-8089-4677-8FD1-107B5275E841}.Debug|x64.ActiveCfg = Debug|Any CPU
		{22BF8631-8089-4677-8FD1-107B5275E841}.Debug|x64.Build.0 = Debug|Any CPU
		{22BF8631-8089-4677-8FD1-107B5275E841}.Debug|x86.ActiveCfg = Debug|Any CPU
		{22BF8631-8089-4677-8FD1-107B5275E841}.Debug|x86.Build.0 = Debug|Any CPU
		{22BF8631-8089-4677-8FD1-107B5275E841}.Release|Any CPU.ActiveCfg = Release|Any CPU
		{22BF8631-8089-4677-8FD1-107B5275E841}.Release|Any CPU.Build.0 = Release|Any CPU
		{22BF8631-8089-4677-8FD1-107B5275E841}.Release|ARM.ActiveCfg = Release|Any CPU
		{22BF8631-8089-4677-8FD1-107B5275E841}.Release|ARM.Build.0 = Release|Any CPU
		{22BF8631-8089-4677-8FD1-107B5275E841}.Release|ARM64.ActiveCfg = Release|Any CPU
		{22BF8631-8089-4677-8FD1-107B5275E841}.Release|ARM64.Build.0 = Release|Any CPU
		{22BF8631-8089-4677-8FD1-107B5275E841}.Release|x64.ActiveCfg = Release|Any CPU
		{22BF8631-8089-4677-8FD1-107B5275E841}.Release|x64.Build.0 = Release|Any CPU
		{22BF8631-8089-4677-8FD1-107B5275E841}.Release|x86.ActiveCfg = Release|Any CPU
		{22BF8631-8089-4677-8FD1-107B5275E841}.Release|x86.Build.0 = Release|Any CPU
		{E0E0506D-D3D5-4EE8-9F08-5EE5DFA582FB}.Debug|Any CPU.ActiveCfg = Debug|Any CPU
		{E0E0506D-D3D5-4EE8-9F08-5EE5DFA582FB}.Debug|Any CPU.Build.0 = Debug|Any CPU
		{E0E0506D-D3D5-4EE8-9F08-5EE5DFA582FB}.Debug|ARM.ActiveCfg = Debug|Any CPU
		{E0E0506D-D3D5-4EE8-9F08-5EE5DFA582FB}.Debug|ARM.Build.0 = Debug|Any CPU
		{E0E0506D-D3D5-4EE8-9F08-5EE5DFA582FB}.Debug|ARM64.ActiveCfg = Debug|Any CPU
		{E0E0506D-D3D5-4EE8-9F08-5EE5DFA582FB}.Debug|ARM64.Build.0 = Debug|Any CPU
		{E0E0506D-D3D5-4EE8-9F08-5EE5DFA582FB}.Debug|x64.ActiveCfg = Debug|Any CPU
		{E0E0506D-D3D5-4EE8-9F08-5EE5DFA582FB}.Debug|x64.Build.0 = Debug|Any CPU
		{E0E0506D-D3D5-4EE8-9F08-5EE5DFA582FB}.Debug|x86.ActiveCfg = Debug|Any CPU
		{E0E0506D-D3D5-4EE8-9F08-5EE5DFA582FB}.Debug|x86.Build.0 = Debug|Any CPU
		{E0E0506D-D3D5-4EE8-9F08-5EE5DFA582FB}.Release|Any CPU.ActiveCfg = Release|Any CPU
		{E0E0506D-D3D5-4EE8-9F08-5EE5DFA582FB}.Release|Any CPU.Build.0 = Release|Any CPU
		{E0E0506D-D3D5-4EE8-9F08-5EE5DFA582FB}.Release|ARM.ActiveCfg = Release|Any CPU
		{E0E0506D-D3D5-4EE8-9F08-5EE5DFA582FB}.Release|ARM.Build.0 = Release|Any CPU
		{E0E0506D-D3D5-4EE8-9F08-5EE5DFA582FB}.Release|ARM64.ActiveCfg = Release|Any CPU
		{E0E0506D-D3D5-4EE8-9F08-5EE5DFA582FB}.Release|ARM64.Build.0 = Release|Any CPU
		{E0E0506D-D3D5-4EE8-9F08-5EE5DFA582FB}.Release|x64.ActiveCfg = Release|Any CPU
		{E0E0506D-D3D5-4EE8-9F08-5EE5DFA582FB}.Release|x64.Build.0 = Release|Any CPU
		{E0E0506D-D3D5-4EE8-9F08-5EE5DFA582FB}.Release|x86.ActiveCfg = Release|Any CPU
		{E0E0506D-D3D5-4EE8-9F08-5EE5DFA582FB}.Release|x86.Build.0 = Release|Any CPU
		{C4DF55B3-D218-4BBE-B218-C89745420E8B}.Debug|Any CPU.ActiveCfg = Debug|Any CPU
		{C4DF55B3-D218-4BBE-B218-C89745420E8B}.Debug|Any CPU.Build.0 = Debug|Any CPU
		{C4DF55B3-D218-4BBE-B218-C89745420E8B}.Debug|ARM.ActiveCfg = Debug|Any CPU
		{C4DF55B3-D218-4BBE-B218-C89745420E8B}.Debug|ARM.Build.0 = Debug|Any CPU
		{C4DF55B3-D218-4BBE-B218-C89745420E8B}.Debug|ARM64.ActiveCfg = Debug|Any CPU
		{C4DF55B3-D218-4BBE-B218-C89745420E8B}.Debug|ARM64.Build.0 = Debug|Any CPU
		{C4DF55B3-D218-4BBE-B218-C89745420E8B}.Debug|x64.ActiveCfg = Debug|Any CPU
		{C4DF55B3-D218-4BBE-B218-C89745420E8B}.Debug|x64.Build.0 = Debug|Any CPU
		{C4DF55B3-D218-4BBE-B218-C89745420E8B}.Debug|x86.ActiveCfg = Debug|Any CPU
		{C4DF55B3-D218-4BBE-B218-C89745420E8B}.Debug|x86.Build.0 = Debug|Any CPU
		{C4DF55B3-D218-4BBE-B218-C89745420E8B}.Release|Any CPU.ActiveCfg = Release|Any CPU
		{C4DF55B3-D218-4BBE-B218-C89745420E8B}.Release|Any CPU.Build.0 = Release|Any CPU
		{C4DF55B3-D218-4BBE-B218-C89745420E8B}.Release|ARM.ActiveCfg = Release|Any CPU
		{C4DF55B3-D218-4BBE-B218-C89745420E8B}.Release|ARM.Build.0 = Release|Any CPU
		{C4DF55B3-D218-4BBE-B218-C89745420E8B}.Release|ARM64.ActiveCfg = Release|Any CPU
		{C4DF55B3-D218-4BBE-B218-C89745420E8B}.Release|ARM64.Build.0 = Release|Any CPU
		{C4DF55B3-D218-4BBE-B218-C89745420E8B}.Release|x64.ActiveCfg = Release|Any CPU
		{C4DF55B3-D218-4BBE-B218-C89745420E8B}.Release|x64.Build.0 = Release|Any CPU
		{C4DF55B3-D218-4BBE-B218-C89745420E8B}.Release|x86.ActiveCfg = Release|Any CPU
		{C4DF55B3-D218-4BBE-B218-C89745420E8B}.Release|x86.Build.0 = Release|Any CPU
		{0E6EF171-E459-418A-8CF7-ED5A6FFF37B4}.Debug|Any CPU.ActiveCfg = Debug|x86
		{0E6EF171-E459-418A-8CF7-ED5A6FFF37B4}.Debug|ARM.ActiveCfg = Debug|ARM
		{0E6EF171-E459-418A-8CF7-ED5A6FFF37B4}.Debug|ARM.Build.0 = Debug|ARM
		{0E6EF171-E459-418A-8CF7-ED5A6FFF37B4}.Debug|ARM.Deploy.0 = Debug|ARM
		{0E6EF171-E459-418A-8CF7-ED5A6FFF37B4}.Debug|ARM64.ActiveCfg = Debug|ARM64
		{0E6EF171-E459-418A-8CF7-ED5A6FFF37B4}.Debug|ARM64.Build.0 = Debug|ARM64
		{0E6EF171-E459-418A-8CF7-ED5A6FFF37B4}.Debug|ARM64.Deploy.0 = Debug|ARM64
		{0E6EF171-E459-418A-8CF7-ED5A6FFF37B4}.Debug|x64.ActiveCfg = Debug|x64
		{0E6EF171-E459-418A-8CF7-ED5A6FFF37B4}.Debug|x64.Build.0 = Debug|x64
		{0E6EF171-E459-418A-8CF7-ED5A6FFF37B4}.Debug|x64.Deploy.0 = Debug|x64
		{0E6EF171-E459-418A-8CF7-ED5A6FFF37B4}.Debug|x86.ActiveCfg = Debug|x86
		{0E6EF171-E459-418A-8CF7-ED5A6FFF37B4}.Debug|x86.Build.0 = Debug|x86
		{0E6EF171-E459-418A-8CF7-ED5A6FFF37B4}.Debug|x86.Deploy.0 = Debug|x86
		{0E6EF171-E459-418A-8CF7-ED5A6FFF37B4}.Release|Any CPU.ActiveCfg = Release|x86
		{0E6EF171-E459-418A-8CF7-ED5A6FFF37B4}.Release|ARM.ActiveCfg = Release|ARM
		{0E6EF171-E459-418A-8CF7-ED5A6FFF37B4}.Release|ARM.Build.0 = Release|ARM
		{0E6EF171-E459-418A-8CF7-ED5A6FFF37B4}.Release|ARM.Deploy.0 = Release|ARM
		{0E6EF171-E459-418A-8CF7-ED5A6FFF37B4}.Release|ARM64.ActiveCfg = Release|ARM64
		{0E6EF171-E459-418A-8CF7-ED5A6FFF37B4}.Release|ARM64.Build.0 = Release|ARM64
		{0E6EF171-E459-418A-8CF7-ED5A6FFF37B4}.Release|ARM64.Deploy.0 = Release|ARM64
		{0E6EF171-E459-418A-8CF7-ED5A6FFF37B4}.Release|x64.ActiveCfg = Release|x64
		{0E6EF171-E459-418A-8CF7-ED5A6FFF37B4}.Release|x64.Build.0 = Release|x64
		{0E6EF171-E459-418A-8CF7-ED5A6FFF37B4}.Release|x64.Deploy.0 = Release|x64
		{0E6EF171-E459-418A-8CF7-ED5A6FFF37B4}.Release|x86.ActiveCfg = Release|x86
		{0E6EF171-E459-418A-8CF7-ED5A6FFF37B4}.Release|x86.Build.0 = Release|x86
		{0E6EF171-E459-418A-8CF7-ED5A6FFF37B4}.Release|x86.Deploy.0 = Release|x86
		{1A349636-8481-43D9-8B0A-D9CF1DC1743B}.Debug|Any CPU.ActiveCfg = Debug|Any CPU
		{1A349636-8481-43D9-8B0A-D9CF1DC1743B}.Debug|Any CPU.Build.0 = Debug|Any CPU
		{1A349636-8481-43D9-8B0A-D9CF1DC1743B}.Debug|ARM.ActiveCfg = Debug|Any CPU
		{1A349636-8481-43D9-8B0A-D9CF1DC1743B}.Debug|ARM.Build.0 = Debug|Any CPU
		{1A349636-8481-43D9-8B0A-D9CF1DC1743B}.Debug|ARM64.ActiveCfg = Debug|Any CPU
		{1A349636-8481-43D9-8B0A-D9CF1DC1743B}.Debug|ARM64.Build.0 = Debug|Any CPU
		{1A349636-8481-43D9-8B0A-D9CF1DC1743B}.Debug|x64.ActiveCfg = Debug|Any CPU
		{1A349636-8481-43D9-8B0A-D9CF1DC1743B}.Debug|x64.Build.0 = Debug|Any CPU
		{1A349636-8481-43D9-8B0A-D9CF1DC1743B}.Debug|x86.ActiveCfg = Debug|Any CPU
		{1A349636-8481-43D9-8B0A-D9CF1DC1743B}.Debug|x86.Build.0 = Debug|Any CPU
		{1A349636-8481-43D9-8B0A-D9CF1DC1743B}.Release|Any CPU.ActiveCfg = Release|Any CPU
		{1A349636-8481-43D9-8B0A-D9CF1DC1743B}.Release|Any CPU.Build.0 = Release|Any CPU
		{1A349636-8481-43D9-8B0A-D9CF1DC1743B}.Release|ARM.ActiveCfg = Release|Any CPU
		{1A349636-8481-43D9-8B0A-D9CF1DC1743B}.Release|ARM.Build.0 = Release|Any CPU
		{1A349636-8481-43D9-8B0A-D9CF1DC1743B}.Release|ARM64.ActiveCfg = Release|Any CPU
		{1A349636-8481-43D9-8B0A-D9CF1DC1743B}.Release|ARM64.Build.0 = Release|Any CPU
		{1A349636-8481-43D9-8B0A-D9CF1DC1743B}.Release|x64.ActiveCfg = Release|Any CPU
		{1A349636-8481-43D9-8B0A-D9CF1DC1743B}.Release|x64.Build.0 = Release|Any CPU
		{1A349636-8481-43D9-8B0A-D9CF1DC1743B}.Release|x86.ActiveCfg = Release|Any CPU
		{1A349636-8481-43D9-8B0A-D9CF1DC1743B}.Release|x86.Build.0 = Release|Any CPU
	EndGlobalSection
	GlobalSection(SolutionProperties) = preSolution
		HideSolutionNode = FALSE
	EndGlobalSection
	GlobalSection(ExtensibilityGlobals) = postSolution
		SolutionGuid = {BCA262C8-1AFE-4B46-83F3-71BE3761C7A9}
	EndGlobalSection
EndGlobal
